{
  "requires": true,
  "lockfileVersion": 1,
  "dependencies": {
    "@fontsource/mulish": {
      "version": "4.5.2",
      "resolved": "https://registry.npmjs.org/@fontsource/mulish/-/mulish-4.5.2.tgz",
      "integrity": "sha512-z27SnK1XJs3J85Jixha6QrAbj6Mlrw9oTNCrPdgB/hfUhQs+6Ohlj2keYPLq8COhHkz4y65UECgdH6KmjVBwuA=="
    }
  }
}
